{
  "version": 4,
  "terraform_version": "1.14.1",
  "serial": 9,
  "lineage": "4eea7887-1ea7-c1ce-c15f-96e215806e39",
  "outputs": {
    "bucket_name": {
      "value": "test-automation-480110-openopteng-data",
      "type": "string"
    },
    "ssh_command": {
      "value": "gcloud compute ssh dev-openopteng-vm --zone=europe-west4-b",
      "type": "string"
    },
    "vm_external_ip": {
      "value": "35.204.101.25",
      "type": "string"
    },
    "vm_name": {
      "value": "dev-openopteng-vm",
      "type": "string"
    }
  },
  "resources": [
    {
      "mode": "managed",
      "type": "google_compute_instance",
      "name": "backtesting_vm",
      "provider": "provider[\"registry.terraform.io/hashicorp/google\"]",
      "instances": [
        {
          "schema_version": 6,
          "attributes": {
            "advanced_machine_features": [],
            "allow_stopping_for_update": null,
            "attached_disk": [],
            "boot_disk": [
              {
                "auto_delete": true,
                "device_name": "persistent-disk-0",
                "disk_encryption_key_raw": "",
                "disk_encryption_key_sha256": "",
                "initialize_params": [
                  {
                    "enable_confidential_compute": false,
                    "image": "https://www.googleapis.com/compute/v1/projects/ubuntu-os-cloud/global/images/ubuntu-2204-jammy-v20251203",
                    "labels": {},
                    "provisioned_iops": 0,
                    "provisioned_throughput": 0,
                    "resource_manager_tags": null,
                    "size": 30,
                    "storage_pool": "",
                    "type": "pd-standard"
                  }
                ],
                "kms_key_self_link": "",
                "mode": "READ_WRITE",
                "source": "https://www.googleapis.com/compute/v1/projects/test-automation-480110/zones/europe-west4-b/disks/dev-openopteng-vm"
              }
            ],
            "can_ip_forward": false,
            "confidential_instance_config": [],
            "cpu_platform": "Intel Broadwell",
            "current_status": "RUNNING",
            "deletion_protection": false,
            "description": "",
            "desired_status": null,
            "effective_labels": {},
            "enable_display": false,
            "guest_accelerator": [],
            "hostname": "",
            "id": "projects/test-automation-480110/zones/europe-west4-b/instances/dev-openopteng-vm",
            "instance_id": "1171469792106538249",
            "label_fingerprint": "42WmSpB8rSM=",
            "labels": null,
            "machine_type": "e2-micro",
            "metadata": {
              "ssh-keys": "ubuntu:ssh-rsa AAAAB3NzaC1yc2EAAAADAQABAAACAQC/WUzk/xvID5r4OxTnmljaau/DauA5uDD6TQEB6LrMWtm7IaiwxWaFJJrWotnld8LpZgqZ+HzK+kRjU3YeTlkTgMmY4h8K2bBoZ76Hi0HwUur5RE/N6pJgaft0VOs1ppP+NW3rGNrsbQVTZJsx6so3RlTvS0ogniOKuzQW0ytgMOoVIpQJW+cyuwLt/27YHZUZIVscLxACjDedeku4vX3eiDUwOGJH6ypjqoBj+4eFYIiT/Ly0aFPvCfwj+j5/o5a7uIWXHNkbjGfrwYcN2zTfFKrnuwsPEzXIHs6A6cteTDZRMDITL2MmL2BbXUaO5ejn2a33Lg7kMBChvRcXpBfAoU8MPJHTpQdXZtoV6NbCdGp9JmgII6yMdd6xeiHU9qy/GUIXkO5191vzCU0y5NymNkPwREWF1aIBVhtvgh6roHsgyxRoIRJtOIBN47T0OPvUPo7KDaWe4vXUh6In+2TRKSkx99lemassQHJhpU9C5MNjvpQiZ8Lqw8A/tuhDPmTOtz2GRRGnLoe8Iwd0Q4ajfJXtE6R12aSFWRJ+BFP0ZeJiuNPxT+pMxsPdXNqW1p1dwQJT3q+ILNWL8N7yfZIOtBdqCNfO6dlAHK8i1c8jTcHGgVKQ1Dbo/MTwnWMEhhbAnEC7XLU6H7FDszQcDphtKUfUKBnx4zWr9i3zB7DR6Q== samblaze275@gmail.com\n"
            },
            "metadata_fingerprint": "8dggSkdSNkE=",
            "metadata_startup_script": "#!/bin/bash\n\n# Update system\napt-get update\napt-get upgrade -y\n\n# Install Docker\ncurl -fsSL https://get.docker.com -o get-docker.sh\nsh get-docker.sh\nusermod -aG docker ubuntu\n\n# Install Docker Compose\ncurl -L \"https://github.com/docker/compose/releases/download/v2.23.0/docker-compose-$(uname -s)-$(uname -m)\" -o /usr/local/bin/docker-compose\nchmod +x /usr/local/bin/docker-compose\n\n# Install useful tools\napt-get install -y git htop vim curl wget\n\necho \"Startup script completed\" \u003e /tmp/startup-complete.txt",
            "min_cpu_platform": "",
            "name": "dev-openopteng-vm",
            "network_interface": [
              {
                "access_config": [
                  {
                    "nat_ip": "35.204.101.25",
                    "network_tier": "PREMIUM",
                    "public_ptr_domain_name": ""
                  }
                ],
                "alias_ip_range": [],
                "internal_ipv6_prefix_length": 0,
                "ipv6_access_config": [],
                "ipv6_access_type": "",
                "ipv6_address": "",
                "name": "nic0",
                "network": "https://www.googleapis.com/compute/v1/projects/test-automation-480110/global/networks/dev-openopteng-vpc",
                "network_ip": "10.0.1.2",
                "nic_type": "",
                "queue_count": 0,
                "stack_type": "IPV4_ONLY",
                "subnetwork": "https://www.googleapis.com/compute/v1/projects/test-automation-480110/regions/europe-west4/subnetworks/dev-openopteng-subnet",
                "subnetwork_project": "test-automation-480110"
              }
            ],
            "network_performance_config": [],
            "params": [],
            "project": "test-automation-480110",
            "reservation_affinity": [],
            "resource_policies": null,
            "scheduling": [
              {
                "automatic_restart": true,
                "instance_termination_action": "",
                "local_ssd_recovery_timeout": [],
                "max_run_duration": [],
                "min_node_cpus": 0,
                "node_affinities": [],
                "on_host_maintenance": "MIGRATE",
                "on_instance_stop_action": [],
                "preemptible": false,
                "provisioning_model": "STANDARD"
              }
            ],
            "scratch_disk": [],
            "self_link": "https://www.googleapis.com/compute/v1/projects/test-automation-480110/zones/europe-west4-b/instances/dev-openopteng-vm",
            "service_account": [
              {
                "email": "dev-openopteng-vm@test-automation-480110.iam.gserviceaccount.com",
                "scopes": [
                  "https://www.googleapis.com/auth/cloud-platform"
                ]
              }
            ],
            "shielded_instance_config": [
              {
                "enable_integrity_monitoring": true,
                "enable_secure_boot": false,
                "enable_vtpm": true
              }
            ],
            "tags": [
              "openopteng-vm"
            ],
            "tags_fingerprint": "_MSeDDiDYQ4=",
            "terraform_labels": {},
            "timeouts": null,
            "zone": "europe-west4-b"
          },
          "sensitive_attributes": [
            [
              {
                "type": "get_attr",
                "value": "boot_disk"
              },
              {
                "type": "index",
                "value": {
                  "value": 0,
                  "type": "number"
                }
              },
              {
                "type": "get_attr",
                "value": "disk_encryption_key_raw"
              }
            ]
          ],
          "identity_schema_version": 0,
          "private": "eyJlMmJmYjczMC1lY2FhLTExZTYtOGY4OC0zNDM2M2JjN2M0YzAiOnsiY3JlYXRlIjoxMjAwMDAwMDAwMDAwLCJkZWxldGUiOjEyMDAwMDAwMDAwMDAsInVwZGF0ZSI6MTIwMDAwMDAwMDAwMH0sInNjaGVtYV92ZXJzaW9uIjoiNiJ9",
          "dependencies": [
            "google_compute_network.vpc_network",
            "google_compute_subnetwork.subnet",
            "google_service_account.vm_service_account"
          ]
        }
      ]
    },
    {
      "mode": "managed",
      "type": "google_compute_network",
      "name": "vpc_network",
      "provider": "provider[\"registry.terraform.io/hashicorp/google\"]",
      "instances": [
        {
          "schema_version": 0,
          "attributes": {
            "auto_create_subnetworks": false,
            "delete_default_routes_on_create": false,
            "description": "",
            "enable_ula_internal_ipv6": false,
            "gateway_ipv4": "",
            "id": "projects/test-automation-480110/global/networks/dev-openopteng-vpc",
            "internal_ipv6_range": "",
            "mtu": 0,
            "name": "dev-openopteng-vpc",
            "network_firewall_policy_enforcement_order": "AFTER_CLASSIC_FIREWALL",
            "numeric_id": "6332561073486193963",
            "project": "test-automation-480110",
            "routing_mode": "REGIONAL",
            "self_link": "https://www.googleapis.com/compute/v1/projects/test-automation-480110/global/networks/dev-openopteng-vpc",
            "timeouts": null
          },
          "sensitive_attributes": [],
          "identity_schema_version": 0,
          "private": "eyJlMmJmYjczMC1lY2FhLTExZTYtOGY4OC0zNDM2M2JjN2M0YzAiOnsiY3JlYXRlIjoxMjAwMDAwMDAwMDAwLCJkZWxldGUiOjEyMDAwMDAwMDAwMDAsInVwZGF0ZSI6MTIwMDAwMDAwMDAwMH19"
        }
      ]
    },
    {
      "mode": "managed",
      "type": "google_compute_subnetwork",
      "name": "subnet",
      "provider": "provider[\"registry.terraform.io/hashicorp/google\"]",
      "instances": [
        {
          "schema_version": 0,
          "attributes": {
            "creation_timestamp": "2025-12-04T11:06:56.857-08:00",
            "description": "",
            "external_ipv6_prefix": "",
            "fingerprint": null,
            "gateway_address": "10.0.1.1",
            "id": "projects/test-automation-480110/regions/europe-west4/subnetworks/dev-openopteng-subnet",
            "internal_ipv6_prefix": "",
            "ip_cidr_range": "10.0.1.0/24",
            "ipv6_access_type": "",
            "ipv6_cidr_range": "",
            "log_config": [],
            "name": "dev-openopteng-subnet",
            "network": "https://www.googleapis.com/compute/v1/projects/test-automation-480110/global/networks/dev-openopteng-vpc",
            "private_ip_google_access": false,
            "private_ipv6_google_access": "DISABLE_GOOGLE_ACCESS",
            "project": "test-automation-480110",
            "purpose": "PRIVATE",
            "region": "europe-west4",
            "role": "",
            "secondary_ip_range": [],
            "self_link": "https://www.googleapis.com/compute/v1/projects/test-automation-480110/regions/europe-west4/subnetworks/dev-openopteng-subnet",
            "send_secondary_ip_range_if_empty": null,
            "stack_type": "IPV4_ONLY",
            "timeouts": null
          },
          "sensitive_attributes": [],
          "identity_schema_version": 0,
          "private": "eyJlMmJmYjczMC1lY2FhLTExZTYtOGY4OC0zNDM2M2JjN2M0YzAiOnsiY3JlYXRlIjoxMjAwMDAwMDAwMDAwLCJkZWxldGUiOjEyMDAwMDAwMDAwMDAsInVwZGF0ZSI6MTIwMDAwMDAwMDAwMH19",
          "dependencies": [
            "google_compute_network.vpc_network"
          ]
        }
      ]
    },
    {
      "mode": "managed",
      "type": "google_service_account",
      "name": "vm_service_account",
      "provider": "provider[\"registry.terraform.io/hashicorp/google\"]",
      "instances": [
        {
          "schema_version": 0,
          "attributes": {
            "account_id": "dev-openopteng-vm",
            "create_ignore_already_exists": null,
            "description": "",
            "disabled": false,
            "display_name": "Backtesting VM Service Account",
            "email": "dev-openopteng-vm@test-automation-480110.iam.gserviceaccount.com",
            "id": "projects/test-automation-480110/serviceAccounts/dev-openopteng-vm@test-automation-480110.iam.gserviceaccount.com",
            "member": "serviceAccount:dev-openopteng-vm@test-automation-480110.iam.gserviceaccount.com",
            "name": "projects/test-automation-480110/serviceAccounts/dev-openopteng-vm@test-automation-480110.iam.gserviceaccount.com",
            "project": "test-automation-480110",
            "timeouts": null,
            "unique_id": "113581361258838187525"
          },
          "sensitive_attributes": [],
          "identity_schema_version": 0,
          "private": "eyJlMmJmYjczMC1lY2FhLTExZTYtOGY4OC0zNDM2M2JjN2M0YzAiOnsiY3JlYXRlIjozMDAwMDAwMDAwMDB9fQ=="
        }
      ]
    },
    {
      "mode": "managed",
      "type": "google_storage_bucket",
      "name": "data_bucket",
      "provider": "provider[\"registry.terraform.io/hashicorp/google\"]",
      "instances": [
        {
          "schema_version": 2,
          "attributes": {
            "autoclass": [],
            "cors": [],
            "custom_placement_config": [],
            "default_event_based_hold": false,
            "effective_labels": {},
            "enable_object_retention": false,
            "encryption": [],
            "force_destroy": true,
            "id": "test-automation-480110-openopteng-data",
            "labels": null,
            "lifecycle_rule": [
              {
                "action": [
                  {
                    "storage_class": "",
                    "type": "Delete"
                  }
                ],
                "condition": [
                  {
                    "age": 90,
                    "created_before": "",
                    "custom_time_before": "",
                    "days_since_custom_time": 0,
                    "days_since_noncurrent_time": 0,
                    "matches_prefix": [],
                    "matches_storage_class": [],
                    "matches_suffix": [],
                    "no_age": false,
                    "noncurrent_time_before": "",
                    "num_newer_versions": 0,
                    "send_age_if_zero": true,
                    "send_days_since_custom_time_if_zero": false,
                    "send_days_since_noncurrent_time_if_zero": false,
                    "send_num_newer_versions_if_zero": false,
                    "with_state": "ANY"
                  }
                ]
              }
            ],
            "location": "EUROPE-WEST4",
            "logging": [],
            "name": "test-automation-480110-openopteng-data",
            "project": "test-automation-480110",
            "project_number": 1015935339624,
            "public_access_prevention": "inherited",
            "requester_pays": false,
            "retention_policy": [],
            "rpo": null,
            "self_link": "https://www.googleapis.com/storage/v1/b/test-automation-480110-openopteng-data",
            "soft_delete_policy": [
              {
                "effective_time": "2025-12-04T19:06:45.165Z",
                "retention_duration_seconds": 604800
              }
            ],
            "storage_class": "STANDARD",
            "terraform_labels": {},
            "timeouts": null,
            "uniform_bucket_level_access": true,
            "url": "gs://test-automation-480110-openopteng-data",
            "versioning": [],
            "website": []
          },
          "sensitive_attributes": [],
          "identity_schema_version": 0,
          "private": "eyJlMmJmYjczMC1lY2FhLTExZTYtOGY4OC0zNDM2M2JjN2M0YzAiOnsiY3JlYXRlIjo2MDAwMDAwMDAwMDAsInJlYWQiOjI0MDAwMDAwMDAwMCwidXBkYXRlIjoyNDAwMDAwMDAwMDB9LCJzY2hlbWFfdmVyc2lvbiI6IjIifQ=="
        }
      ]
    },
    {
      "mode": "managed",
      "type": "google_storage_bucket_iam_member",
      "name": "vm_bucket_access",
      "provider": "provider[\"registry.terraform.io/hashicorp/google\"]",
      "instances": [
        {
          "schema_version": 0,
          "attributes": {
            "bucket": "b/test-automation-480110-openopteng-data",
            "condition": [],
            "etag": "CAI=",
            "id": "b/test-automation-480110-openopteng-data/roles/storage.objectAdmin/serviceAccount:dev-openopteng-vm@test-automation-480110.iam.gserviceaccount.com",
            "member": "serviceAccount:dev-openopteng-vm@test-automation-480110.iam.gserviceaccount.com",
            "role": "roles/storage.objectAdmin"
          },
          "sensitive_attributes": [],
          "identity_schema_version": 0,
          "private": "bnVsbA==",
          "dependencies": [
            "google_service_account.vm_service_account",
            "google_storage_bucket.data_bucket"
          ]
        }
      ]
    }
  ],
  "check_results": null
}
